
Microsoft Visual Studio Solution File, Format Version 12.00
# Visual Studio Version 16
VisualStudioVersion = 16.0.30621.155
MinimumVisualStudioVersion = 10.0.40219.1
Project("{888888A0-9F3D-457C-B088-3A5042F75D52}") = "Killing Floor 2 FOV Changer", "Killing Floor 2 FOV Changer\Killing Floor 2 FOV Changer.pyproj", "{B186CDA5-306D-44BD-A974-794B8380BD9B}"
EndProject
Global
	GlobalSection(SolutionConfigurationPlatforms) = preSolution
		Debug|Any CPU = Debug|Any CPU
		Release|Any CPU = Release|Any CPU
	EndGlobalSection
	GlobalSection(ProjectConfigurationPlatforms) = postSolution
		{B186CDA5-306D-44BD-A974-794B8380BD9B}.Debug|Any CPU.ActiveCfg = Debug|Any CPU
		{B186CDA5-306D-44BD-A974-794B8380BD9B}.Release|Any CPU.ActiveCfg = Release|Any CPU
	EndGlobalSection
	GlobalSection(SolutionProperties) = preSolution
		HideSolutionNode = FALSE
	EndGlobalSection
	GlobalSection(ExtensibilityGlobals) = postSolution
		SolutionGuid = {C265F37E-9A02-4C30-A477-85CF05756471}
	EndGlobalSection
EndGlobal
